github.com/gethugothemes/hugo-modules/accordion v0.0.0-20260701054856-10b1d2cdc11a h1:qlBiX5O3OcOfrWT/+8cj3sRErOdDKyLTsCrizQ+I13U=
github.com/gethugothemes/hugo-modules/accordion v0.0.0-20260701054856-10b1d2cdc11a/go.mod h1:D4DpauKPDcUHI9CVKYmJeO6bkSJIhUN864TyXZ2o0VI=
github.com/gethugothemes/hugo-modules/adsense v0.0.0-20260701054856-10b1d2cdc11a h1:CP8AypNySvTELJNwgRfUbrgNSZE5u/keX24mubOx27A=
github.com/gethugothemes/hugo-modules/adsense v0.0.0-20260701054856-10b1d2cdc11a/go.mod h1:8p/gG/cyyu20z4q5cFN/JGE5TOFA55Xsp+aIP9KCsqo=
github.com/gethugothemes/hugo-modules/components/cookie-consent v0.0.0-20260701054856-10b1d2cdc11a h1:Po9BARZCXd3l4l3L7Uy7OUzqGA89Ra/tHskPmHtlDg8=
github.com/gethugothemes/hugo-modules/components/cookie-consent v0.0.0-20260701054856-10b1d2cdc11a/go.mod h1:511ERLpGe3ZTfV2z/NAtUSR5NqKF26h9z5lU/zYV4YQ=
github.com/gethugothemes/hugo-modules/components/crisp-chat v0.0.0-20260701054856-10b1d2cdc11a h1:4AcB6eplkY6hMpYfO6awMphsK/gLXDM2NWVGHrYuJMM=
github.com/gethugothemes/hugo-modules/components/crisp-chat v0.0.0-20260701054856-10b1d2cdc11a/go.mod h1:qiV/PIeVY59RD2W885rFWc7b62uovQZO6VPFHeP5LT0=
github.com/gethugothemes/hugo-modules/components/custom-script v0.0.0-20260701054856-10b1d2cdc11a h1:eMXGt1om50PHnpKZJ7W1aH+PSjolq0mRWwEhWvTbPXo=
github.com/gethugothemes/hugo-modules/components/custom-script v0.0.0-20260701054856-10b1d2cdc11a/go.mod h1:RuDHq4WnK8sNEzAIJr4BZQ7oXhzcct/EKaAxc2Xvi9E=
github.com/gethugothemes/hugo-modules/components/render-link v0.0.0-20260701054856-10b1d2cdc11a h1:1TcNczCYdwy4JuQ26u+ZJ2SJGwBdQw4DpeFN7d1FhZA=
github.com/gethugothemes/hugo-modules/components/render-link v0.0.0-20260701054856-10b1d2cdc11a/go.mod h1:z3YcIeEBUonAoRDY1/Jv1ojNVkZ5ud35a0Nn8L4Inx0=
github.com/gethugothemes/hugo-modules/components/social-share v0.0.0-20260701054856-10b1d2cdc11a h1:sHFqujuYHvwykDK/+okEyZeSvmqgc0VR3euKN3xPvJA=
github.com/gethugothemes/hugo-modules/components/social-share v0.0.0-20260701054856-10b1d2cdc11a/go.mod h1:Gcj4RM/EBECsJMZnPeWjfy/1roRYGqzV9GYNmeHkvFA=
github.com/gethugothemes/hugo-modules/components/valine-comment v0.0.0-20260701054856-10b1d2cdc11a h1:1R4tWvLu7f+4kjMVq44FZx/ctDi92CEoCv424AaaLbA=
github.com/gethugothemes/hugo-modules/components/valine-comment v0.0.0-20260701054856-10b1d2cdc11a/go.mod h1:fqeY2MbVoFf9OB8dtyJTnfNNa3qChIX9wsY32VVBYrQ=
github.com/gethugothemes/hugo-modules/gallery-slider v0.0.0-20260701054856-10b1d2cdc11a h1:e1u4GKgsPvmJH7iIkobae70+5IZnAPI3kX2Vb898Aak=
github.com/gethugothemes/hugo-modules/gallery-slider v0.0.0-20260701054856-10b1d2cdc11a/go.mod h1:MvQ2js/ofZ22CTX5wuvE+dC0rMe6C5HAWL2fEOu/yzE=
github.com/gethugothemes/hugo-modules/gzip-caching v0.0.0-20260701054856-10b1d2cdc11a h1:2tQ+Ral2KiHbWn7kfng8E76zfYVqMhCEa+/uz6TlZpo=
github.com/gethugothemes/hugo-modules/gzip-caching v0.0.0-20260701054856-10b1d2cdc11a/go.mod h1:0ZMjTZVG4XLZU2/icc8Saqo4mmgMpfRTrUZU2Aa2Pwg=
github.com/gethugothemes/hugo-modules/icons/font-awesome v0.0.0-20260701054856-10b1d2cdc11a h1:OtjIZkcZDwBLcR0wYGowOvyi+0lo/BGjjG6Y023VU+Q=
github.com/gethugothemes/hugo-modules/icons/font-awesome v0.0.0-20260701054856-10b1d2cdc11a/go.mod h1:d3gy1vQyfasPmGpau7HpQLrXbOv23PfXclSnjyOBxeU=
github.com/gethugothemes/hugo-modules/icons/themify-icons v0.0.0-20260701054856-10b1d2cdc11a h1:HRtZ+3rpdp71/D3p9v9+X2XTjD2YVKuwah7Ba3H6h2U=
github.com/gethugothemes/hugo-modules/icons/themify-icons v0.0.0-20260701054856-10b1d2cdc11a/go.mod h1:hWopv9exSUsFbNUzWemaFvPdyPay0lrqTMHkJXi4n+Y=
github.com/gethugothemes/hugo-modules/images v0.0.0-20260701054856-10b1d2cdc11a h1:45dDjsFlAsEc4KtQ6ve0JT9nh8f7cwWiNCpA5DF+09c=
github.com/gethugothemes/hugo-modules/images v0.0.0-20260701054856-10b1d2cdc11a/go.mod h1:FKliP3qOW9diIcQeLtyZ0Hdhg3PL8bdAkC/6O+XtU90=
github.com/gethugothemes/hugo-modules/pwa v0.0.0-20260701054856-10b1d2cdc11a h1:pb8+f4krg6/59t/GaeiKXI2q8u5AvsKBUlgEZG+nWXo=
github.com/gethugothemes/hugo-modules/pwa v0.0.0-20260701054856-10b1d2cdc11a/go.mod h1:TRv7iszdfo37O1PbBEE+S8X/enAdpRIxK5DGrp13Qbo=
github.com/gethugothemes/hugo-modules/seo-tools/baidu-analytics v0.0.0-20260701054856-10b1d2cdc11a h1:v380Xp4g1exzBlkC7kpl9m6Uu310jQWzIvE4IEHtpKA=
github.com/gethugothemes/hugo-modules/seo-tools/baidu-analytics v0.0.0-20260701054856-10b1d2cdc11a/go.mod h1:D/bbq2hSHE+r582zpC3rEdvuk8GufDnq9sGL3xCk/C0=
github.com/gethugothemes/hugo-modules/seo-tools/basic-seo v0.0.0-20260701054856-10b1d2cdc11a h1:tETzzWBaW/ClbEuXfJKTMUJlTWU40+EujTtsriBFlrA=
github.com/gethugothemes/hugo-modules/seo-tools/basic-seo v0.0.0-20260701054856-10b1d2cdc11a/go.mod h1:Q8dPgjamV7pxwKSQyWV21Xwh5CGi23/k+M8HPTphYbs=
github.com/gethugothemes/hugo-modules/seo-tools/counter-analytics v0.0.0-20260701054856-10b1d2cdc11a h1:k50LAf4+8pBRpzfNRU/oQbcxEP/+RrOOPTx0eOplbn0=
github.com/gethugothemes/hugo-modules/seo-tools/counter-analytics v0.0.0-20260701054856-10b1d2cdc11a/go.mod h1:3kPooRg0PWUkciccThPQbBvIpTfSCo7W9mc3a5GxXHs=
github.com/gethugothemes/hugo-modules/seo-tools/google-tag-manager v0.0.0-20260701054856-10b1d2cdc11a h1:g/YJtk6RHca1MFkDTz8U67WbtkVeRPlGYHoN+ySoR9Y=
github.com/gethugothemes/hugo-modules/seo-tools/google-tag-manager v0.0.0-20260701054856-10b1d2cdc11a/go.mod h1:cCq50yd55eFTrpqOfeyOK5X0hU5E7qxsqOD7IzTsgLA=
github.com/gethugothemes/hugo-modules/seo-tools/matomo-analytics v0.0.0-20260701054856-10b1d2cdc11a h1:hFbRfD1WwRA/LEXj4I3mwFJ3lpqGRTvEEMgwx8mukEM=
github.com/gethugothemes/hugo-modules/seo-tools/matomo-analytics v0.0.0-20260701054856-10b1d2cdc11a/go.mod h1:P2GLltWjXFBJlatFKh4l6WOBszW7+f09myLkZoBBgEs=
github.com/gethugothemes/hugo-modules/seo-tools/plausible-analytics v0.0.0-20260701054856-10b1d2cdc11a h1:vkYPxQuN8tEdSG0Vha/XYJ1Jmh7CkZAXvWgtGuAz228=
github.com/gethugothemes/hugo-modules/seo-tools/plausible-analytics v0.0.0-20260701054856-10b1d2cdc11a/go.mod h1:MOJtK8ttzyqQiqs0xQkk6xgPaxGbcH7WI5thobpNvqg=
github.com/gethugothemes/hugo-modules/seo-tools/site-verifications v0.0.0-20260701054856-10b1d2cdc11a h1:QZsX+rDGvZVM9n7/BstVyDL1rTtFBIE7GbijVaZQWNY=
github.com/gethugothemes/hugo-modules/seo-tools/site-verifications v0.0.0-20260701054856-10b1d2cdc11a/go.mod h1:iXielaya126qJscz7Bc2G2WB91moloQOoWru6UoBUyE=
github.com/gethugothemes/hugo-modules/shortcodes/button v0.0.0-20260701054856-10b1d2cdc11a h1:Age44jNsmCgJNfSH4+oefGYFu1yyBgIy8ea57JmSPbw=
github.com/gethugothemes/hugo-modules/shortcodes/button v0.0.0-20260701054856-10b1d2cdc11a/go.mod h1:MSvxGvjvcGUKTs6YMATU/9kYFrzW+VSVdy4CCOQLdsY=
github.com/gethugothemes/hugo-modules/shortcodes/codepen v0.0.0-20260701054856-10b1d2cdc11a h1:KBOECvMUfdiyDdj1sG8q8ot3vacQ3jCqNi5nSG8HDfw=
github.com/gethugothemes/hugo-modules/shortcodes/codepen v0.0.0-20260701054856-10b1d2cdc11a/go.mod h1:Y4eAJ7fkCSC6k6fl1+qF4DIoRepAYyB9Om4kBCAixcg=
github.com/gethugothemes/hugo-modules/shortcodes/collapse v0.0.0-20240711030223-49ae4a26e064 h1:rgN2VvYZrkNQFiwv23EqgRTwmFxfk8gdI6DZez1fqSI=
github.com/gethugothemes/hugo-modules/shortcodes/collapse v0.0.0-20240711030223-49ae4a26e064/go.mod h1:rBCFuR+QzMk0S1npR0zVDzgocFncOmyxWToJlRw4ZxU=
github.com/gethugothemes/hugo-modules/shortcodes/notice v0.0.0-20260701054856-10b1d2cdc11a h1:yP6E/swguwKOGIZ2kgi7hqDQyBD4T4TlcW4vqInHTZA=
github.com/gethugothemes/hugo-modules/shortcodes/notice v0.0.0-20260701054856-10b1d2cdc11a/go.mod h1:ljWyMJx82WA+6SlKjbGFhEdxcriyvUTCjXkJHDa4lho=
github.com/gethugothemes/hugo-modules/tab v0.0.0-20260701054856-10b1d2cdc11a h1:XspPureJnZn2S9qBc+HAaZijafqYIQbiU/rRX7Qgb+8=
github.com/gethugothemes/hugo-modules/tab v0.0.0-20260701054856-10b1d2cdc11a/go.mod h1:h3UxlxrFoU19JldxWLPBKaTZFe3AJtABrqo1wfxr+Ng=
github.com/gethugothemes/hugo-modules/table-of-contents v0.0.0-20260701054856-10b1d2cdc11a h1:I80Rl0bvRjOvDCRu6KWrV4P5OaHNPPDAVT7P5PyTgR8=
github.com/gethugothemes/hugo-modules/table-of-contents v0.0.0-20260701054856-10b1d2cdc11a/go.mod h1:bEDw4veccQQQYEdVrfu13ATRUWfW8ptDIjJZuhYh4Tw=
github.com/gethugothemes/hugo-modules/videos v0.0.0-20260701054856-10b1d2cdc11a h1:Zy8sprseuJYsm3wI7cZInUtNu/6JHmc1t/4yrfP1mOA=
github.com/gethugothemes/hugo-modules/videos v0.0.0-20260701054856-10b1d2cdc11a/go.mod h1:P722lLWdnNhdZVq6gvMrOLqECUwrAYQWaOWlChta5H0=
github.com/gohugoio/hugo-mod-bootstrap-scss/v5 v5.20300.20800 h1:j5myhhzYwIHTr5ctK96Elfgp5uRROvrlTzYwwe1nF8o=
github.com/gohugoio/hugo-mod-bootstrap-scss/v5 v5.20300.20800/go.mod h1:P5GGyhdxi00C5zW7vkRo/IS532gZY/YS2TS395Xaxho=
github.com/gohugoio/hugo-mod-jslibs-dist/popperjs/v2 v2.21100.20000 h1:GZxx4Hc+yb0/t3/rau1j8XlAxLE4CyXns2fqQbyqWfs=
github.com/gohugoio/hugo-mod-jslibs-dist/popperjs/v2 v2.21100.20000/go.mod h1:mFberT6ZtcchrsDtfvJM7aAH2bDKLdOnruUHl0hlapI=
github.com/twbs/bootstrap v5.3.8+incompatible h1:eK1fsXP7R/FWFt+sSNmmvUH9usPocf240nWVw7Dh02o=
github.com/twbs/bootstrap v5.3.8+incompatible/go.mod h1:fZTSrkpSf0/HkL0IIJzvVspTt1r9zuf7XlZau8kpcY0=
