github.com/gethugothemes/hugo-modules/accordion v0.0.0-20250213104422-d6c69545f20a h1:CdYLVH+gERgre1LMbLaTm+wGT5t+SQE9TI3f765q4Ck=
github.com/gethugothemes/hugo-modules/accordion v0.0.0-20250213104422-d6c69545f20a/go.mod h1:D4DpauKPDcUHI9CVKYmJeO6bkSJIhUN864TyXZ2o0VI=
github.com/gethugothemes/hugo-modules/adsense v0.0.0-20250213104422-d6c69545f20a h1:Eun89tw2QsJgWPDQu2UFUxx84LHnF6yqkjrXehiDzTA=
github.com/gethugothemes/hugo-modules/adsense v0.0.0-20250213104422-d6c69545f20a/go.mod h1:8p/gG/cyyu20z4q5cFN/JGE5TOFA55Xsp+aIP9KCsqo=
github.com/gethugothemes/hugo-modules/components/cookie-consent v0.0.0-20250213104422-d6c69545f20a h1:66WeuOhPeDDlyvnAZQbvMCPh3UbJHXj2LMqF5VHzKIs=
github.com/gethugothemes/hugo-modules/components/cookie-consent v0.0.0-20250213104422-d6c69545f20a/go.mod h1:511ERLpGe3ZTfV2z/NAtUSR5NqKF26h9z5lU/zYV4YQ=
github.com/gethugothemes/hugo-modules/components/crisp-chat v0.0.0-20250213104422-d6c69545f20a h1:iJtF/oTqk51aWB0JLjVhlp77BBZ3rVKAh0XYFWRwMkk=
github.com/gethugothemes/hugo-modules/components/crisp-chat v0.0.0-20250213104422-d6c69545f20a/go.mod h1:qiV/PIeVY59RD2W885rFWc7b62uovQZO6VPFHeP5LT0=
github.com/gethugothemes/hugo-modules/components/custom-script v0.0.0-20250213104422-d6c69545f20a h1:nGS8vJosFipele/THc+eApG6FM2ad0gN7L54WE8vULA=
github.com/gethugothemes/hugo-modules/components/custom-script v0.0.0-20250213104422-d6c69545f20a/go.mod h1:RuDHq4WnK8sNEzAIJr4BZQ7oXhzcct/EKaAxc2Xvi9E=
github.com/gethugothemes/hugo-modules/components/render-link v0.0.0-20250213104422-d6c69545f20a h1:4xdV6c5RJM0aEu0OD+bskEDmCo2TDs9sWiMwpcGVVJ8=
github.com/gethugothemes/hugo-modules/components/render-link v0.0.0-20250213104422-d6c69545f20a/go.mod h1:z3YcIeEBUonAoRDY1/Jv1ojNVkZ5ud35a0Nn8L4Inx0=
github.com/gethugothemes/hugo-modules/components/social-share v0.0.0-20250213104422-d6c69545f20a h1:A6QQ9fJWiLMp+wV7D+abn+tubDjQJn+RzlM3NOrbxKE=
github.com/gethugothemes/hugo-modules/components/social-share v0.0.0-20250213104422-d6c69545f20a/go.mod h1:Gcj4RM/EBECsJMZnPeWjfy/1roRYGqzV9GYNmeHkvFA=
github.com/gethugothemes/hugo-modules/components/valine-comment v0.0.0-20250213104422-d6c69545f20a h1:qeri2+zUN969LDRXuHPRO/s6vEBKbtfQC982ucv6e4Q=
github.com/gethugothemes/hugo-modules/components/valine-comment v0.0.0-20250213104422-d6c69545f20a/go.mod h1:fqeY2MbVoFf9OB8dtyJTnfNNa3qChIX9wsY32VVBYrQ=
github.com/gethugothemes/hugo-modules/gallery-slider v0.0.0-20250213104422-d6c69545f20a h1:ZZQINPiCUIqtAE/YBOpbaAZ82FSTqn8mi90JS5EE+ps=
github.com/gethugothemes/hugo-modules/gallery-slider v0.0.0-20250213104422-d6c69545f20a/go.mod h1:MvQ2js/ofZ22CTX5wuvE+dC0rMe6C5HAWL2fEOu/yzE=
github.com/gethugothemes/hugo-modules/gzip-caching v0.0.0-20250213104422-d6c69545f20a h1:TkrR1lP8G0M0UM9TMPGqoQN7yX//z80y0OQwozRR3rg=
github.com/gethugothemes/hugo-modules/gzip-caching v0.0.0-20250213104422-d6c69545f20a/go.mod h1:0ZMjTZVG4XLZU2/icc8Saqo4mmgMpfRTrUZU2Aa2Pwg=
github.com/gethugothemes/hugo-modules/icons/font-awesome v0.0.0-20250213104422-d6c69545f20a h1:MQkVfflF7RuZ56SubUTYr/mLdWczBG84Ar0ATJGkH5U=
github.com/gethugothemes/hugo-modules/icons/font-awesome v0.0.0-20250213104422-d6c69545f20a/go.mod h1:d3gy1vQyfasPmGpau7HpQLrXbOv23PfXclSnjyOBxeU=
github.com/gethugothemes/hugo-modules/icons/themify-icons v0.0.0-20250213104422-d6c69545f20a h1:wMmLBGhIc/zaxCGfXra8nDYL/k7O/XJuasUu9xJfA4s=
github.com/gethugothemes/hugo-modules/icons/themify-icons v0.0.0-20250213104422-d6c69545f20a/go.mod h1:hWopv9exSUsFbNUzWemaFvPdyPay0lrqTMHkJXi4n+Y=
github.com/gethugothemes/hugo-modules/images v0.0.0-20250213104422-d6c69545f20a h1:6CeuFgp7LBNquUvN/I/AnFZ31mPRe7RWeySIAyneI7U=
github.com/gethugothemes/hugo-modules/images v0.0.0-20250213104422-d6c69545f20a/go.mod h1:FKliP3qOW9diIcQeLtyZ0Hdhg3PL8bdAkC/6O+XtU90=
github.com/gethugothemes/hugo-modules/pwa v0.0.0-20250213104422-d6c69545f20a h1:u42h8nOJKgr4PaKyevqQAhXx2AOKNojTLktQD6Lw59U=
github.com/gethugothemes/hugo-modules/pwa v0.0.0-20250213104422-d6c69545f20a/go.mod h1:TRv7iszdfo37O1PbBEE+S8X/enAdpRIxK5DGrp13Qbo=
github.com/gethugothemes/hugo-modules/seo-tools/baidu-analytics v0.0.0-20250213104422-d6c69545f20a h1:Rizc53LbKDBEW4ahJELij90hJj+QPPWKPkNF28O+L5I=
github.com/gethugothemes/hugo-modules/seo-tools/baidu-analytics v0.0.0-20250213104422-d6c69545f20a/go.mod h1:D/bbq2hSHE+r582zpC3rEdvuk8GufDnq9sGL3xCk/C0=
github.com/gethugothemes/hugo-modules/seo-tools/basic-seo v0.0.0-20250213104422-d6c69545f20a h1:qcIt5+ZrC+oYRQuLMA5BZeeyQgHNA1t/BD8FzCAJ2Fs=
github.com/gethugothemes/hugo-modules/seo-tools/basic-seo v0.0.0-20250213104422-d6c69545f20a/go.mod h1:Q8dPgjamV7pxwKSQyWV21Xwh5CGi23/k+M8HPTphYbs=
github.com/gethugothemes/hugo-modules/seo-tools/counter-analytics v0.0.0-20250213104422-d6c69545f20a h1:qtIOLSeqfzqirXvbdlUkuNmRjhCdeJTIQ/7x8FM9C18=
github.com/gethugothemes/hugo-modules/seo-tools/counter-analytics v0.0.0-20250213104422-d6c69545f20a/go.mod h1:3kPooRg0PWUkciccThPQbBvIpTfSCo7W9mc3a5GxXHs=
github.com/gethugothemes/hugo-modules/seo-tools/google-tag-manager v0.0.0-20250213104422-d6c69545f20a h1:a6q+9J0tqW9XENSbOm4KDeWobSbX3HZo/07pRVECNMQ=
github.com/gethugothemes/hugo-modules/seo-tools/google-tag-manager v0.0.0-20250213104422-d6c69545f20a/go.mod h1:cCq50yd55eFTrpqOfeyOK5X0hU5E7qxsqOD7IzTsgLA=
github.com/gethugothemes/hugo-modules/seo-tools/matomo-analytics v0.0.0-20250213104422-d6c69545f20a h1:KobwJdX2RkwrcICX3EYPNWTDHSBU/FxoVxPHf9wwb7o=
github.com/gethugothemes/hugo-modules/seo-tools/matomo-analytics v0.0.0-20250213104422-d6c69545f20a/go.mod h1:P2GLltWjXFBJlatFKh4l6WOBszW7+f09myLkZoBBgEs=
github.com/gethugothemes/hugo-modules/seo-tools/plausible-analytics v0.0.0-20250213104422-d6c69545f20a h1:/io6EGirZ/Sd0VgDNsNp0Jr8errWC/vwFoVcDQWJHew=
github.com/gethugothemes/hugo-modules/seo-tools/plausible-analytics v0.0.0-20250213104422-d6c69545f20a/go.mod h1:MOJtK8ttzyqQiqs0xQkk6xgPaxGbcH7WI5thobpNvqg=
github.com/gethugothemes/hugo-modules/seo-tools/site-verifications v0.0.0-20250213104422-d6c69545f20a h1:sZZQI9JDPuRpyo14PlzFwaywo4hqCsiNkkyLzaPy+G8=
github.com/gethugothemes/hugo-modules/seo-tools/site-verifications v0.0.0-20250213104422-d6c69545f20a/go.mod h1:iXielaya126qJscz7Bc2G2WB91moloQOoWru6UoBUyE=
github.com/gethugothemes/hugo-modules/shortcodes/button v0.0.0-20250213104422-d6c69545f20a h1:S/fhDXa5gNpT6abULRQFiAJE9EGZFKXVZyEgnoM2DKg=
github.com/gethugothemes/hugo-modules/shortcodes/button v0.0.0-20250213104422-d6c69545f20a/go.mod h1:MSvxGvjvcGUKTs6YMATU/9kYFrzW+VSVdy4CCOQLdsY=
github.com/gethugothemes/hugo-modules/shortcodes/codepen v0.0.0-20250213104422-d6c69545f20a h1:d7tl3KEaESKKeXaL3qxwqOaYKIpYFXi8ziX5Nfd+ymA=
github.com/gethugothemes/hugo-modules/shortcodes/codepen v0.0.0-20250213104422-d6c69545f20a/go.mod h1:Y4eAJ7fkCSC6k6fl1+qF4DIoRepAYyB9Om4kBCAixcg=
github.com/gethugothemes/hugo-modules/shortcodes/collapse v0.0.0-20240711030223-49ae4a26e064 h1:rgN2VvYZrkNQFiwv23EqgRTwmFxfk8gdI6DZez1fqSI=
github.com/gethugothemes/hugo-modules/shortcodes/collapse v0.0.0-20240711030223-49ae4a26e064/go.mod h1:rBCFuR+QzMk0S1npR0zVDzgocFncOmyxWToJlRw4ZxU=
github.com/gethugothemes/hugo-modules/shortcodes/notice v0.0.0-20250213104422-d6c69545f20a h1:XRNlHrpYjpIzksb071RaARJe6ZY3N204e1vthrSNkhw=
github.com/gethugothemes/hugo-modules/shortcodes/notice v0.0.0-20250213104422-d6c69545f20a/go.mod h1:ljWyMJx82WA+6SlKjbGFhEdxcriyvUTCjXkJHDa4lho=
github.com/gethugothemes/hugo-modules/tab v0.0.0-20250213104422-d6c69545f20a h1:10TmpnT6Uy7eSMhMVRQfDpRno1qS1PtTjLCm524amnc=
github.com/gethugothemes/hugo-modules/tab v0.0.0-20250213104422-d6c69545f20a/go.mod h1:h3UxlxrFoU19JldxWLPBKaTZFe3AJtABrqo1wfxr+Ng=
github.com/gethugothemes/hugo-modules/table-of-contents v0.0.0-20250213104422-d6c69545f20a h1:/nkg+RnYFee3sn6BWVRj8fOqlmvcXY5Gw+oZa2Qq+Qs=
github.com/gethugothemes/hugo-modules/table-of-contents v0.0.0-20250213104422-d6c69545f20a/go.mod h1:bEDw4veccQQQYEdVrfu13ATRUWfW8ptDIjJZuhYh4Tw=
github.com/gethugothemes/hugo-modules/videos v0.0.0-20250213104422-d6c69545f20a h1:bxOg8QSumJJsH56ySVe3uwnZ06tahKovU5m2VyLVPeY=
github.com/gethugothemes/hugo-modules/videos v0.0.0-20250213104422-d6c69545f20a/go.mod h1:P722lLWdnNhdZVq6gvMrOLqECUwrAYQWaOWlChta5H0=
github.com/gohugoio/hugo-mod-bootstrap-scss/v5 v5.20300.20400 h1:L6+F22i76xmeWWwrtijAhUbf3BiRLmpO5j34bgl1ggU=
github.com/gohugoio/hugo-mod-bootstrap-scss/v5 v5.20300.20400/go.mod h1:uekq1D4ebeXgduLj8VIZy8TgfTjrLdSl6nPtVczso78=
github.com/gohugoio/hugo-mod-jslibs-dist/popperjs/v2 v2.21100.20000 h1:GZxx4Hc+yb0/t3/rau1j8XlAxLE4CyXns2fqQbyqWfs=
github.com/gohugoio/hugo-mod-jslibs-dist/popperjs/v2 v2.21100.20000/go.mod h1:mFberT6ZtcchrsDtfvJM7aAH2bDKLdOnruUHl0hlapI=
github.com/twbs/bootstrap v5.3.3+incompatible h1:goFoqinzdHfkeegpFP7pvhbd0g+A3O2hbU3XCjuNrEQ=
github.com/twbs/bootstrap v5.3.3+incompatible/go.mod h1:fZTSrkpSf0/HkL0IIJzvVspTt1r9zuf7XlZau8kpcY0=
