github.com/gethugothemes/hugo-modules/accordion v0.0.0-20251015025058-e7199bf4215b h1:BGqBCwB1Q+BMlLuiedxz4Pt2vW4GBO4KsX15o6sG6X8=
github.com/gethugothemes/hugo-modules/accordion v0.0.0-20251015025058-e7199bf4215b/go.mod h1:D4DpauKPDcUHI9CVKYmJeO6bkSJIhUN864TyXZ2o0VI=
github.com/gethugothemes/hugo-modules/accordion v0.0.0-20260106053822-13607459af90 h1:W5hk68KQAHYi1lrNgco/GKIMM0Z7E1oRxPSRxJWacQM=
github.com/gethugothemes/hugo-modules/accordion v0.0.0-20260106053822-13607459af90/go.mod h1:D4DpauKPDcUHI9CVKYmJeO6bkSJIhUN864TyXZ2o0VI=
github.com/gethugothemes/hugo-modules/adsense v0.0.0-20251015025058-e7199bf4215b h1:KW1kmjMVJ/JCnGRjA5A/vc5p6JTWLPLemY+lLdZ0zgs=
github.com/gethugothemes/hugo-modules/adsense v0.0.0-20251015025058-e7199bf4215b/go.mod h1:8p/gG/cyyu20z4q5cFN/JGE5TOFA55Xsp+aIP9KCsqo=
github.com/gethugothemes/hugo-modules/adsense v0.0.0-20260106053822-13607459af90 h1:rRRim+pN+hyTIITUwffHxNLg+WKIF1WN9ud7bxQ2nHE=
github.com/gethugothemes/hugo-modules/adsense v0.0.0-20260106053822-13607459af90/go.mod h1:8p/gG/cyyu20z4q5cFN/JGE5TOFA55Xsp+aIP9KCsqo=
github.com/gethugothemes/hugo-modules/components/cookie-consent v0.0.0-20251015025058-e7199bf4215b h1:/2eNOZ/8phDe5Z6G8AyWI6l3q1i9ZXQOfqJCYNFmxOU=
github.com/gethugothemes/hugo-modules/components/cookie-consent v0.0.0-20251015025058-e7199bf4215b/go.mod h1:511ERLpGe3ZTfV2z/NAtUSR5NqKF26h9z5lU/zYV4YQ=
github.com/gethugothemes/hugo-modules/components/cookie-consent v0.0.0-20260106053822-13607459af90 h1:876z6dcbTp8wwCCMoIoK+kzMbT7v8JY76A6UyJX4yac=
github.com/gethugothemes/hugo-modules/components/cookie-consent v0.0.0-20260106053822-13607459af90/go.mod h1:511ERLpGe3ZTfV2z/NAtUSR5NqKF26h9z5lU/zYV4YQ=
github.com/gethugothemes/hugo-modules/components/crisp-chat v0.0.0-20251015025058-e7199bf4215b h1:gNm15tSFF8n0K4jVRE+C3UI1v1g8dMSipiYdXf3jxFo=
github.com/gethugothemes/hugo-modules/components/crisp-chat v0.0.0-20251015025058-e7199bf4215b/go.mod h1:qiV/PIeVY59RD2W885rFWc7b62uovQZO6VPFHeP5LT0=
github.com/gethugothemes/hugo-modules/components/crisp-chat v0.0.0-20260106053822-13607459af90 h1:Kg3Ma+lDaD9vQrZzIXQDUbwt7BA60HTteDNNyU+qC1s=
github.com/gethugothemes/hugo-modules/components/crisp-chat v0.0.0-20260106053822-13607459af90/go.mod h1:qiV/PIeVY59RD2W885rFWc7b62uovQZO6VPFHeP5LT0=
github.com/gethugothemes/hugo-modules/components/custom-script v0.0.0-20251015025058-e7199bf4215b h1:zJodS8G0TsrLctzb9wXgWEZkLf3WsfX5XdNGKvj6Fe8=
github.com/gethugothemes/hugo-modules/components/custom-script v0.0.0-20251015025058-e7199bf4215b/go.mod h1:RuDHq4WnK8sNEzAIJr4BZQ7oXhzcct/EKaAxc2Xvi9E=
github.com/gethugothemes/hugo-modules/components/custom-script v0.0.0-20260106053822-13607459af90 h1:ofLJwHEz2hAHe25diujxWLtySMA+dy0OXjRo/rWDAks=
github.com/gethugothemes/hugo-modules/components/custom-script v0.0.0-20260106053822-13607459af90/go.mod h1:RuDHq4WnK8sNEzAIJr4BZQ7oXhzcct/EKaAxc2Xvi9E=
github.com/gethugothemes/hugo-modules/components/render-link v0.0.0-20251015025058-e7199bf4215b h1:WOUnyvqFSq9vfpLuFKt32UgZ/QNNh7X0Ssj29PFprk0=
github.com/gethugothemes/hugo-modules/components/render-link v0.0.0-20251015025058-e7199bf4215b/go.mod h1:z3YcIeEBUonAoRDY1/Jv1ojNVkZ5ud35a0Nn8L4Inx0=
github.com/gethugothemes/hugo-modules/components/render-link v0.0.0-20260106053822-13607459af90 h1:9JZuQu7WABYcrWzMl4z10uW4gnw9dbQFO0NFf6cyHZQ=
github.com/gethugothemes/hugo-modules/components/render-link v0.0.0-20260106053822-13607459af90/go.mod h1:z3YcIeEBUonAoRDY1/Jv1ojNVkZ5ud35a0Nn8L4Inx0=
github.com/gethugothemes/hugo-modules/components/social-share v0.0.0-20251015025058-e7199bf4215b h1:bSsAxdOQG6QE5NVuCJi3KJrxh7hZkkWev7ZLhaSzVso=
github.com/gethugothemes/hugo-modules/components/social-share v0.0.0-20251015025058-e7199bf4215b/go.mod h1:Gcj4RM/EBECsJMZnPeWjfy/1roRYGqzV9GYNmeHkvFA=
github.com/gethugothemes/hugo-modules/components/social-share v0.0.0-20260106053822-13607459af90 h1:E2SEcM/9s+X+8DuuGi6rHOEnjDhoALthiPcq0UyDqx0=
github.com/gethugothemes/hugo-modules/components/social-share v0.0.0-20260106053822-13607459af90/go.mod h1:Gcj4RM/EBECsJMZnPeWjfy/1roRYGqzV9GYNmeHkvFA=
github.com/gethugothemes/hugo-modules/components/valine-comment v0.0.0-20251015025058-e7199bf4215b h1:4vRjkxiaiza+5DYXvRLimX+WEJilpleTliayJSy4E0Y=
github.com/gethugothemes/hugo-modules/components/valine-comment v0.0.0-20251015025058-e7199bf4215b/go.mod h1:fqeY2MbVoFf9OB8dtyJTnfNNa3qChIX9wsY32VVBYrQ=
github.com/gethugothemes/hugo-modules/components/valine-comment v0.0.0-20260106053822-13607459af90 h1:BGCNcwVmPgA56De1Mrhoe3/uem3N6XBpK3MwJNTmHhs=
github.com/gethugothemes/hugo-modules/components/valine-comment v0.0.0-20260106053822-13607459af90/go.mod h1:fqeY2MbVoFf9OB8dtyJTnfNNa3qChIX9wsY32VVBYrQ=
github.com/gethugothemes/hugo-modules/gallery-slider v0.0.0-20251015025058-e7199bf4215b h1:WZNuTxF+xNCWk9P2yN4tRp6qlFC71+cJiABBBVTDdrA=
github.com/gethugothemes/hugo-modules/gallery-slider v0.0.0-20251015025058-e7199bf4215b/go.mod h1:MvQ2js/ofZ22CTX5wuvE+dC0rMe6C5HAWL2fEOu/yzE=
github.com/gethugothemes/hugo-modules/gallery-slider v0.0.0-20260106053822-13607459af90 h1:O6vfuule0zOCUr3SVAa0w0Mz1fYhDLpJiUJFf6Iuepk=
github.com/gethugothemes/hugo-modules/gallery-slider v0.0.0-20260106053822-13607459af90/go.mod h1:MvQ2js/ofZ22CTX5wuvE+dC0rMe6C5HAWL2fEOu/yzE=
github.com/gethugothemes/hugo-modules/gzip-caching v0.0.0-20251015025058-e7199bf4215b h1:WK2P8VvBViXFR4gaeUxD25HdDvtOQxlL8l8NOSdEBk8=
github.com/gethugothemes/hugo-modules/gzip-caching v0.0.0-20251015025058-e7199bf4215b/go.mod h1:0ZMjTZVG4XLZU2/icc8Saqo4mmgMpfRTrUZU2Aa2Pwg=
github.com/gethugothemes/hugo-modules/gzip-caching v0.0.0-20260106053822-13607459af90 h1:PNDWoR5UzwicXHOtaglrqEj922vm87t8PUf6OWy8EKY=
github.com/gethugothemes/hugo-modules/gzip-caching v0.0.0-20260106053822-13607459af90/go.mod h1:0ZMjTZVG4XLZU2/icc8Saqo4mmgMpfRTrUZU2Aa2Pwg=
github.com/gethugothemes/hugo-modules/icons/font-awesome v0.0.0-20251015025058-e7199bf4215b h1:KHhcYSycfbYZB6tXdLOevhqBDpgAw+iBJMEDEOY/v28=
github.com/gethugothemes/hugo-modules/icons/font-awesome v0.0.0-20251015025058-e7199bf4215b/go.mod h1:d3gy1vQyfasPmGpau7HpQLrXbOv23PfXclSnjyOBxeU=
github.com/gethugothemes/hugo-modules/icons/font-awesome v0.0.0-20260106053822-13607459af90 h1:2nwx9WcYuWt5gCzHezUTPZDWhHwAhSAtpzp6wPDLZ0g=
github.com/gethugothemes/hugo-modules/icons/font-awesome v0.0.0-20260106053822-13607459af90/go.mod h1:d3gy1vQyfasPmGpau7HpQLrXbOv23PfXclSnjyOBxeU=
github.com/gethugothemes/hugo-modules/icons/themify-icons v0.0.0-20251015025058-e7199bf4215b h1:ESH7HhFZWXFgjpVlhPg+/RiiswOlGUd+n1dLp+FXgIs=
github.com/gethugothemes/hugo-modules/icons/themify-icons v0.0.0-20251015025058-e7199bf4215b/go.mod h1:hWopv9exSUsFbNUzWemaFvPdyPay0lrqTMHkJXi4n+Y=
github.com/gethugothemes/hugo-modules/icons/themify-icons v0.0.0-20260106053822-13607459af90 h1:Iw6KbtXLZKF1A8xXTpb0MP2h5Bkyw91BmOy/uYRWUYg=
github.com/gethugothemes/hugo-modules/icons/themify-icons v0.0.0-20260106053822-13607459af90/go.mod h1:hWopv9exSUsFbNUzWemaFvPdyPay0lrqTMHkJXi4n+Y=
github.com/gethugothemes/hugo-modules/images v0.0.0-20251015025058-e7199bf4215b h1:fuvCiZ0LE3cbFRlYqs13XF+aNnL+2ZG0UVa2FU0h8/A=
github.com/gethugothemes/hugo-modules/images v0.0.0-20251015025058-e7199bf4215b/go.mod h1:FKliP3qOW9diIcQeLtyZ0Hdhg3PL8bdAkC/6O+XtU90=
github.com/gethugothemes/hugo-modules/images v0.0.0-20260106053822-13607459af90 h1:qv2YOenCWfnNBw3x0Y1vb4zdkiIqqLXMpztJ0zsLn1k=
github.com/gethugothemes/hugo-modules/images v0.0.0-20260106053822-13607459af90/go.mod h1:FKliP3qOW9diIcQeLtyZ0Hdhg3PL8bdAkC/6O+XtU90=
github.com/gethugothemes/hugo-modules/pwa v0.0.0-20251015025058-e7199bf4215b h1:HnRFZiDrS9v2fP9KgQMt0YC8xORm5QB+cxoofLRsZpI=
github.com/gethugothemes/hugo-modules/pwa v0.0.0-20251015025058-e7199bf4215b/go.mod h1:TRv7iszdfo37O1PbBEE+S8X/enAdpRIxK5DGrp13Qbo=
github.com/gethugothemes/hugo-modules/pwa v0.0.0-20260106053822-13607459af90 h1:JRHa+l3qJcy/wNEof6upntif7PYdcLUt1frIerFcquQ=
github.com/gethugothemes/hugo-modules/pwa v0.0.0-20260106053822-13607459af90/go.mod h1:TRv7iszdfo37O1PbBEE+S8X/enAdpRIxK5DGrp13Qbo=
github.com/gethugothemes/hugo-modules/seo-tools/baidu-analytics v0.0.0-20251015025058-e7199bf4215b h1:RffvvCc3OxG8UsQ8XTI80spmbajZFGjYWxvzXR08iGM=
github.com/gethugothemes/hugo-modules/seo-tools/baidu-analytics v0.0.0-20251015025058-e7199bf4215b/go.mod h1:D/bbq2hSHE+r582zpC3rEdvuk8GufDnq9sGL3xCk/C0=
github.com/gethugothemes/hugo-modules/seo-tools/baidu-analytics v0.0.0-20260106053822-13607459af90 h1:+tVutjNFGb3vbi59kn4sqg+G3E/djJWqsOyf4b1bAc8=
github.com/gethugothemes/hugo-modules/seo-tools/baidu-analytics v0.0.0-20260106053822-13607459af90/go.mod h1:D/bbq2hSHE+r582zpC3rEdvuk8GufDnq9sGL3xCk/C0=
github.com/gethugothemes/hugo-modules/seo-tools/basic-seo v0.0.0-20251015025058-e7199bf4215b h1:sPDM1+xXrzrk8iRwMwiTcsGZnmoWyQnqCw38ibKfnwQ=
github.com/gethugothemes/hugo-modules/seo-tools/basic-seo v0.0.0-20251015025058-e7199bf4215b/go.mod h1:Q8dPgjamV7pxwKSQyWV21Xwh5CGi23/k+M8HPTphYbs=
github.com/gethugothemes/hugo-modules/seo-tools/basic-seo v0.0.0-20260106053822-13607459af90 h1:gvXOTEh+w/j7AR0/57r+AmULuRnEEAdoVBuvP+Qwh9k=
github.com/gethugothemes/hugo-modules/seo-tools/basic-seo v0.0.0-20260106053822-13607459af90/go.mod h1:Q8dPgjamV7pxwKSQyWV21Xwh5CGi23/k+M8HPTphYbs=
github.com/gethugothemes/hugo-modules/seo-tools/counter-analytics v0.0.0-20251015025058-e7199bf4215b h1:4APOXDz5AfXDSyde3qh6zKigVRThgzOxBX6Cb7ETnek=
github.com/gethugothemes/hugo-modules/seo-tools/counter-analytics v0.0.0-20251015025058-e7199bf4215b/go.mod h1:3kPooRg0PWUkciccThPQbBvIpTfSCo7W9mc3a5GxXHs=
github.com/gethugothemes/hugo-modules/seo-tools/counter-analytics v0.0.0-20260106053822-13607459af90 h1:1Pzefb2R+z0fMl1A0UkpAZoEmANR+y0K5QGiFClnSkQ=
github.com/gethugothemes/hugo-modules/seo-tools/counter-analytics v0.0.0-20260106053822-13607459af90/go.mod h1:3kPooRg0PWUkciccThPQbBvIpTfSCo7W9mc3a5GxXHs=
github.com/gethugothemes/hugo-modules/seo-tools/google-tag-manager v0.0.0-20251015025058-e7199bf4215b h1:O9nMZEFkDnsIaWzeuPdURUV/dPDTFKldQDgFKMufzE8=
github.com/gethugothemes/hugo-modules/seo-tools/google-tag-manager v0.0.0-20251015025058-e7199bf4215b/go.mod h1:cCq50yd55eFTrpqOfeyOK5X0hU5E7qxsqOD7IzTsgLA=
github.com/gethugothemes/hugo-modules/seo-tools/google-tag-manager v0.0.0-20260106053822-13607459af90 h1:w0pTN+2kMhrEPveRUEqF/wTFAWa2oS1coy+xnUZTpzI=
github.com/gethugothemes/hugo-modules/seo-tools/google-tag-manager v0.0.0-20260106053822-13607459af90/go.mod h1:cCq50yd55eFTrpqOfeyOK5X0hU5E7qxsqOD7IzTsgLA=
github.com/gethugothemes/hugo-modules/seo-tools/matomo-analytics v0.0.0-20251015025058-e7199bf4215b h1:oRnnoExzlowXR/I2V4Za08Q+luRd85bzUDAH4/JXTMY=
github.com/gethugothemes/hugo-modules/seo-tools/matomo-analytics v0.0.0-20251015025058-e7199bf4215b/go.mod h1:P2GLltWjXFBJlatFKh4l6WOBszW7+f09myLkZoBBgEs=
github.com/gethugothemes/hugo-modules/seo-tools/matomo-analytics v0.0.0-20260106053822-13607459af90 h1:B+VOPYPVIOUm+P2fnVDZ2CitNMIg4M39tm81gZr6P4k=
github.com/gethugothemes/hugo-modules/seo-tools/matomo-analytics v0.0.0-20260106053822-13607459af90/go.mod h1:P2GLltWjXFBJlatFKh4l6WOBszW7+f09myLkZoBBgEs=
github.com/gethugothemes/hugo-modules/seo-tools/plausible-analytics v0.0.0-20251015025058-e7199bf4215b h1:M7jMutCzJvLa+jHmGJdgPAcKJSWsmC3ApkOoommWSH4=
github.com/gethugothemes/hugo-modules/seo-tools/plausible-analytics v0.0.0-20251015025058-e7199bf4215b/go.mod h1:MOJtK8ttzyqQiqs0xQkk6xgPaxGbcH7WI5thobpNvqg=
github.com/gethugothemes/hugo-modules/seo-tools/plausible-analytics v0.0.0-20260106053822-13607459af90 h1:RQcxH5jD/ro3aQeltmUDjBuv7T4jnARbSsJHvsVjfVQ=
github.com/gethugothemes/hugo-modules/seo-tools/plausible-analytics v0.0.0-20260106053822-13607459af90/go.mod h1:MOJtK8ttzyqQiqs0xQkk6xgPaxGbcH7WI5thobpNvqg=
github.com/gethugothemes/hugo-modules/seo-tools/site-verifications v0.0.0-20251015025058-e7199bf4215b h1:aQBDZz4QbaOl1R0HLPfpwJubPtnzCw1L3+h+ctTh4js=
github.com/gethugothemes/hugo-modules/seo-tools/site-verifications v0.0.0-20251015025058-e7199bf4215b/go.mod h1:iXielaya126qJscz7Bc2G2WB91moloQOoWru6UoBUyE=
github.com/gethugothemes/hugo-modules/seo-tools/site-verifications v0.0.0-20260106053822-13607459af90 h1:oWy5cDtH46KJAGE78rLu7PFq/RNudoShPd1yKwhG6QE=
github.com/gethugothemes/hugo-modules/seo-tools/site-verifications v0.0.0-20260106053822-13607459af90/go.mod h1:iXielaya126qJscz7Bc2G2WB91moloQOoWru6UoBUyE=
github.com/gethugothemes/hugo-modules/shortcodes/button v0.0.0-20251015025058-e7199bf4215b h1:aHmgwCTfQl0NwliEQlGsY7MOb9QeY+ozDMvt7BMFkiA=
github.com/gethugothemes/hugo-modules/shortcodes/button v0.0.0-20251015025058-e7199bf4215b/go.mod h1:MSvxGvjvcGUKTs6YMATU/9kYFrzW+VSVdy4CCOQLdsY=
github.com/gethugothemes/hugo-modules/shortcodes/button v0.0.0-20260106053822-13607459af90 h1:a/G25KaUBz6Yvb3A9v559ZZ/+DWTXvVl7fcdvfGphz0=
github.com/gethugothemes/hugo-modules/shortcodes/button v0.0.0-20260106053822-13607459af90/go.mod h1:MSvxGvjvcGUKTs6YMATU/9kYFrzW+VSVdy4CCOQLdsY=
github.com/gethugothemes/hugo-modules/shortcodes/codepen v0.0.0-20251015025058-e7199bf4215b h1:UFOi7dJeiOQMkVRU8sAMkNUCV+RmS/TWHm9cEJ953UU=
github.com/gethugothemes/hugo-modules/shortcodes/codepen v0.0.0-20251015025058-e7199bf4215b/go.mod h1:Y4eAJ7fkCSC6k6fl1+qF4DIoRepAYyB9Om4kBCAixcg=
github.com/gethugothemes/hugo-modules/shortcodes/codepen v0.0.0-20260106053822-13607459af90 h1:8g4DTrAz/rnZomI4Igq4ZwH7/UFplx2Up0CcAtVliOk=
github.com/gethugothemes/hugo-modules/shortcodes/codepen v0.0.0-20260106053822-13607459af90/go.mod h1:Y4eAJ7fkCSC6k6fl1+qF4DIoRepAYyB9Om4kBCAixcg=
github.com/gethugothemes/hugo-modules/shortcodes/collapse v0.0.0-20240711030223-49ae4a26e064 h1:rgN2VvYZrkNQFiwv23EqgRTwmFxfk8gdI6DZez1fqSI=
github.com/gethugothemes/hugo-modules/shortcodes/collapse v0.0.0-20240711030223-49ae4a26e064/go.mod h1:rBCFuR+QzMk0S1npR0zVDzgocFncOmyxWToJlRw4ZxU=
github.com/gethugothemes/hugo-modules/shortcodes/notice v0.0.0-20251015025058-e7199bf4215b h1:clCCpvBORK8sOvCaLGyQartuQV5mEwFgutqz45jw0VI=
github.com/gethugothemes/hugo-modules/shortcodes/notice v0.0.0-20251015025058-e7199bf4215b/go.mod h1:ljWyMJx82WA+6SlKjbGFhEdxcriyvUTCjXkJHDa4lho=
github.com/gethugothemes/hugo-modules/shortcodes/notice v0.0.0-20260106053822-13607459af90 h1:NQhCVYduAazrsUUKd15VyxyVg/xdqXkXGBqyZxuZNtU=
github.com/gethugothemes/hugo-modules/shortcodes/notice v0.0.0-20260106053822-13607459af90/go.mod h1:ljWyMJx82WA+6SlKjbGFhEdxcriyvUTCjXkJHDa4lho=
github.com/gethugothemes/hugo-modules/tab v0.0.0-20251015025058-e7199bf4215b h1:4mbUiB09n1yS3tfIqqAilOQZRN2bp0L80RMtBm7qlUU=
github.com/gethugothemes/hugo-modules/tab v0.0.0-20251015025058-e7199bf4215b/go.mod h1:h3UxlxrFoU19JldxWLPBKaTZFe3AJtABrqo1wfxr+Ng=
github.com/gethugothemes/hugo-modules/tab v0.0.0-20260106053822-13607459af90 h1:C+srrXg9GAfvhGbqfNmNclg8+PrsqPgu+frgbRzz9Tc=
github.com/gethugothemes/hugo-modules/tab v0.0.0-20260106053822-13607459af90/go.mod h1:h3UxlxrFoU19JldxWLPBKaTZFe3AJtABrqo1wfxr+Ng=
github.com/gethugothemes/hugo-modules/table-of-contents v0.0.0-20251015025058-e7199bf4215b h1:NiTagcO0yW9Y6k7X3JYwTVUuBHPn0jVCeTHDNAlqO7g=
github.com/gethugothemes/hugo-modules/table-of-contents v0.0.0-20251015025058-e7199bf4215b/go.mod h1:bEDw4veccQQQYEdVrfu13ATRUWfW8ptDIjJZuhYh4Tw=
github.com/gethugothemes/hugo-modules/table-of-contents v0.0.0-20260106053822-13607459af90 h1:xoyopaFnCiaX5vS7c3YSUOLghahf2G6C9DJtd0NT17M=
github.com/gethugothemes/hugo-modules/table-of-contents v0.0.0-20260106053822-13607459af90/go.mod h1:bEDw4veccQQQYEdVrfu13ATRUWfW8ptDIjJZuhYh4Tw=
github.com/gethugothemes/hugo-modules/videos v0.0.0-20251015025058-e7199bf4215b h1:/Z2RiP0wOaP2Uw7BS/DGPD6C8otiUY1ELzI/M4A7tkU=
github.com/gethugothemes/hugo-modules/videos v0.0.0-20251015025058-e7199bf4215b/go.mod h1:P722lLWdnNhdZVq6gvMrOLqECUwrAYQWaOWlChta5H0=
github.com/gethugothemes/hugo-modules/videos v0.0.0-20260106053822-13607459af90 h1:e9Tl4TzjmONcn+D1wWUE9w47ZEIUeQZ7CQs/xxHTNFM=
github.com/gethugothemes/hugo-modules/videos v0.0.0-20260106053822-13607459af90/go.mod h1:P722lLWdnNhdZVq6gvMrOLqECUwrAYQWaOWlChta5H0=
github.com/gohugoio/hugo-mod-bootstrap-scss/v5 v5.20300.20400 h1:L6+F22i76xmeWWwrtijAhUbf3BiRLmpO5j34bgl1ggU=
github.com/gohugoio/hugo-mod-bootstrap-scss/v5 v5.20300.20400/go.mod h1:uekq1D4ebeXgduLj8VIZy8TgfTjrLdSl6nPtVczso78=
github.com/gohugoio/hugo-mod-bootstrap-scss/v5 v5.20300.20800 h1:j5myhhzYwIHTr5ctK96Elfgp5uRROvrlTzYwwe1nF8o=
github.com/gohugoio/hugo-mod-bootstrap-scss/v5 v5.20300.20800/go.mod h1:P5GGyhdxi00C5zW7vkRo/IS532gZY/YS2TS395Xaxho=
github.com/gohugoio/hugo-mod-jslibs-dist/popperjs/v2 v2.21100.20000 h1:GZxx4Hc+yb0/t3/rau1j8XlAxLE4CyXns2fqQbyqWfs=
github.com/gohugoio/hugo-mod-jslibs-dist/popperjs/v2 v2.21100.20000/go.mod h1:mFberT6ZtcchrsDtfvJM7aAH2bDKLdOnruUHl0hlapI=
github.com/twbs/bootstrap v5.3.3+incompatible/go.mod h1:fZTSrkpSf0/HkL0IIJzvVspTt1r9zuf7XlZau8kpcY0=
github.com/twbs/bootstrap v5.3.8+incompatible h1:eK1fsXP7R/FWFt+sSNmmvUH9usPocf240nWVw7Dh02o=
github.com/twbs/bootstrap v5.3.8+incompatible/go.mod h1:fZTSrkpSf0/HkL0IIJzvVspTt1r9zuf7XlZau8kpcY0=
